
Microsoft Visual Studio Solution File, Format Version 12.00
# Visual Studio 15
VisualStudioVersion = 15.0.27703.2000
MinimumVisualStudioVersion = 10.0.40219.1
Project("{FAE04EC0-301F-11D3-BF4B-00C04F79EFBC}") = "ProductQueries", "ProductsQueries\ProductQueries.csproj", "{29689640-FFCD-4E1B-A84D-199CF049F8DA}"
EndProject
Global
	GlobalSection(SolutionConfigurationPlatforms) = preSolution
		Debug|Any CPU = Debug|Any CPU
		Release|Any CPU = Release|Any CPU
	EndGlobalSection
	GlobalSection(ProjectConfigurationPlatforms) = postSolution
		{29689640-FFCD-4E1B-A84D-199CF049F8DA}.Debug|Any CPU.ActiveCfg = Debug|Any CPU
		{29689640-FFCD-4E1B-A84D-199CF049F8DA}.Debug|Any CPU.Build.0 = Debug|Any CPU
		{29689640-FFCD-4E1B-A84D-199CF049F8DA}.Release|Any CPU.ActiveCfg = Release|Any CPU
		{29689640-FFCD-4E1B-A84D-199CF049F8DA}.Release|Any CPU.Build.0 = Release|Any CPU
	EndGlobalSection
	GlobalSection(SolutionProperties) = preSolution
		HideSolutionNode = FALSE
	EndGlobalSection
	GlobalSection(ExtensibilityGlobals) = postSolution
		SolutionGuid = {777B7357-3298-4268-8542-65EBBF1DDF63}
	EndGlobalSection
EndGlobal
