
Microsoft Visual Studio Solution File, Format Version 12.00
# Visual Studio 15
VisualStudioVersion = 15.0.27703.2000
MinimumVisualStudioVersion = 10.0.40219.1
Project("{FAE04EC0-301F-11D3-BF4B-00C04F79EFBC}") = "MultiformProducts", "MultiformProducts\MultiformProducts.csproj", "{B72DFCB3-D6A1-41C4-9A88-6F5D8C20A7CC}"
EndProject
Global
	GlobalSection(SolutionConfigurationPlatforms) = preSolution
		Debug|Any CPU = Debug|Any CPU
		Release|Any CPU = Release|Any CPU
	EndGlobalSection
	GlobalSection(ProjectConfigurationPlatforms) = postSolution
		{B72DFCB3-D6A1-41C4-9A88-6F5D8C20A7CC}.Debug|Any CPU.ActiveCfg = Debug|Any CPU
		{B72DFCB3-D6A1-41C4-9A88-6F5D8C20A7CC}.Debug|Any CPU.Build.0 = Debug|Any CPU
		{B72DFCB3-D6A1-41C4-9A88-6F5D8C20A7CC}.Release|Any CPU.ActiveCfg = Release|Any CPU
		{B72DFCB3-D6A1-41C4-9A88-6F5D8C20A7CC}.Release|Any CPU.Build.0 = Release|Any CPU
	EndGlobalSection
	GlobalSection(SolutionProperties) = preSolution
		HideSolutionNode = FALSE
	EndGlobalSection
	GlobalSection(ExtensibilityGlobals) = postSolution
		SolutionGuid = {F70B2EF6-B974-4B39-8DAE-DB69B4FBBE1B}
	EndGlobalSection
EndGlobal
